
Microsoft Visual Studio Solution File, Format Version 12.00
# Visual Studio Version 17
VisualStudioVersion = 17.0.31903.59
MinimumVisualStudioVersion = 10.0.40219.1
Project("{2150E333-8FDC-42A3-9474-1A3956D46DE8}") = "Models", "Models", "{7E5E3D99-03B0-3438-6A3D-D9E8D97DA366}"
EndProject
Project("{FAE04EC0-301F-11D3-BF4B-00C04F79EFBC}") = "IRacingLeague.Models", "Models\IRacingLeague.Models.csproj", "{7183F9FB-D2B4-4247-AE07-667DDEEE22D5}"
EndProject
Project("{2150E333-8FDC-42A3-9474-1A3956D46DE8}") = "Data", "Data", "{015FE221-96B2-289B-A0E8-6E7354784A75}"
EndProject
Project("{FAE04EC0-301F-11D3-BF4B-00C04F79EFBC}") = "IRacingLeague.Data", "Data\IRacingLeague.Data.csproj", "{7CD60EB8-AD85-40D6-BD6E-BBE0B7F29AB8}"
EndProject
Project("{2150E333-8FDC-42A3-9474-1A3956D46DE8}") = "Business", "Business", "{79A919E1-85D0-3F60-C123-2A6B8B16898A}"
EndProject
Project("{FAE04EC0-301F-11D3-BF4B-00C04F79EFBC}") = "IRacingLeague.Business", "Business\IRacingLeague.Business.csproj", "{312B5721-9967-4F0F-8191-75BFA579F316}"
EndProject
Project("{2150E333-8FDC-42A3-9474-1A3956D46DE8}") = "Data.EF", "Data.EF", "{A7DF126E-EBD0-450B-8C29-ACAE7F5E9961}"
EndProject
Project("{FAE04EC0-301F-11D3-BF4B-00C04F79EFBC}") = "IRacingLeague.Data.EF", "Data.EF\IRacingLeague.Data.EF.csproj", "{2EA683AF-4E32-43C1-86D1-B52CF4F7B568}"
EndProject
Project("{2150E333-8FDC-42A3-9474-1A3956D46DE8}") = "API", "API", "{D82C56D6-B2CD-F611-9E31-04638F7EC30E}"
EndProject
Project("{FAE04EC0-301F-11D3-BF4B-00C04F79EFBC}") = "IRacingLeague.API", "API\IRacingLeague.API.csproj", "{9E8717CC-0C48-4B59-8B06-4B59A89CCBE7}"
EndProject
Global
	GlobalSection(SolutionConfigurationPlatforms) = preSolution
		Debug|Any CPU = Debug|Any CPU
		Debug|x64 = Debug|x64
		Debug|x86 = Debug|x86
		Release|Any CPU = Release|Any CPU
		Release|x64 = Release|x64
		Release|x86 = Release|x86
	EndGlobalSection
	GlobalSection(ProjectConfigurationPlatforms) = postSolution
		{7183F9FB-D2B4-4247-AE07-667DDEEE22D5}.Debug|Any CPU.ActiveCfg = Debug|Any CPU
		{7183F9FB-D2B4-4247-AE07-667DDEEE22D5}.Debug|Any CPU.Build.0 = Debug|Any CPU
		{7183F9FB-D2B4-4247-AE07-667DDEEE22D5}.Debug|x64.ActiveCfg = Debug|Any CPU
		{7183F9FB-D2B4-4247-AE07-667DDEEE22D5}.Debug|x64.Build.0 = Debug|Any CPU
		{7183F9FB-D2B4-4247-AE07-667DDEEE22D5}.Debug|x86.ActiveCfg = Debug|Any CPU
		{7183F9FB-D2B4-4247-AE07-667DDEEE22D5}.Debug|x86.Build.0 = Debug|Any CPU
		{7183F9FB-D2B4-4247-AE07-667DDEEE22D5}.Release|Any CPU.ActiveCfg = Release|Any CPU
		{7183F9FB-D2B4-4247-AE07-667DDEEE22D5}.Release|Any CPU.Build.0 = Release|Any CPU
		{7183F9FB-D2B4-4247-AE07-667DDEEE22D5}.Release|x64.ActiveCfg = Release|Any CPU
		{7183F9FB-D2B4-4247-AE07-667DDEEE22D5}.Release|x64.Build.0 = Release|Any CPU
		{7183F9FB-D2B4-4247-AE07-667DDEEE22D5}.Release|x86.ActiveCfg = Release|Any CPU
		{7183F9FB-D2B4-4247-AE07-667DDEEE22D5}.Release|x86.Build.0 = Release|Any CPU
		{7CD60EB8-AD85-40D6-BD6E-BBE0B7F29AB8}.Debug|Any CPU.ActiveCfg = Debug|Any CPU
		{7CD60EB8-AD85-40D6-BD6E-BBE0B7F29AB8}.Debug|Any CPU.Build.0 = Debug|Any CPU
		{7CD60EB8-AD85-40D6-BD6E-BBE0B7F29AB8}.Debug|x64.ActiveCfg = Debug|Any CPU
		{7CD60EB8-AD85-40D6-BD6E-BBE0B7F29AB8}.Debug|x64.Build.0 = Debug|Any CPU
		{7CD60EB8-AD85-40D6-BD6E-BBE0B7F29AB8}.Debug|x86.ActiveCfg = Debug|Any CPU
		{7CD60EB8-AD85-40D6-BD6E-BBE0B7F29AB8}.Debug|x86.Build.0 = Debug|Any CPU
		{7CD60EB8-AD85-40D6-BD6E-BBE0B7F29AB8}.Release|Any CPU.ActiveCfg = Release|Any CPU
		{7CD60EB8-AD85-40D6-BD6E-BBE0B7F29AB8}.Release|Any CPU.Build.0 = Release|Any CPU
		{7CD60EB8-AD85-40D6-BD6E-BBE0B7F29AB8}.Release|x64.ActiveCfg = Release|Any CPU
		{7CD60EB8-AD85-40D6-BD6E-BBE0B7F29AB8}.Release|x64.Build.0 = Release|Any CPU
		{7CD60EB8-AD85-40D6-BD6E-BBE0B7F29AB8}.Release|x86.ActiveCfg = Release|Any CPU
		{7CD60EB8-AD85-40D6-BD6E-BBE0B7F29AB8}.Release|x86.Build.0 = Release|Any CPU
		{312B5721-9967-4F0F-8191-75BFA579F316}.Debug|Any CPU.ActiveCfg = Debug|Any CPU
		{312B5721-9967-4F0F-8191-75BFA579F316}.Debug|Any CPU.Build.0 = Debug|Any CPU
		{312B5721-9967-4F0F-8191-75BFA579F316}.Debug|x64.ActiveCfg = Debug|Any CPU
		{312B5721-9967-4F0F-8191-75BFA579F316}.Debug|x64.Build.0 = Debug|Any CPU
		{312B5721-9967-4F0F-8191-75BFA579F316}.Debug|x86.ActiveCfg = Debug|Any CPU
		{312B5721-9967-4F0F-8191-75BFA579F316}.Debug|x86.Build.0 = Debug|Any CPU
		{312B5721-9967-4F0F-8191-75BFA579F316}.Release|Any CPU.ActiveCfg = Release|Any CPU
		{312B5721-9967-4F0F-8191-75BFA579F316}.Release|Any CPU.Build.0 = Release|Any CPU
		{312B5721-9967-4F0F-8191-75BFA579F316}.Release|x64.ActiveCfg = Release|Any CPU
		{312B5721-9967-4F0F-8191-75BFA579F316}.Release|x64.Build.0 = Release|Any CPU
		{312B5721-9967-4F0F-8191-75BFA579F316}.Release|x86.ActiveCfg = Release|Any CPU
		{312B5721-9967-4F0F-8191-75BFA579F316}.Release|x86.Build.0 = Release|Any CPU
		{2EA683AF-4E32-43C1-86D1-B52CF4F7B568}.Debug|Any CPU.ActiveCfg = Debug|Any CPU
		{2EA683AF-4E32-43C1-86D1-B52CF4F7B568}.Debug|Any CPU.Build.0 = Debug|Any CPU
		{2EA683AF-4E32-43C1-86D1-B52CF4F7B568}.Debug|x64.ActiveCfg = Debug|Any CPU
		{2EA683AF-4E32-43C1-86D1-B52CF4F7B568}.Debug|x64.Build.0 = Debug|Any CPU
		{2EA683AF-4E32-43C1-86D1-B52CF4F7B568}.Debug|x86.ActiveCfg = Debug|Any CPU
		{2EA683AF-4E32-43C1-86D1-B52CF4F7B568}.Debug|x86.Build.0 = Debug|Any CPU
		{2EA683AF-4E32-43C1-86D1-B52CF4F7B568}.Release|Any CPU.ActiveCfg = Release|Any CPU
		{2EA683AF-4E32-43C1-86D1-B52CF4F7B568}.Release|Any CPU.Build.0 = Release|Any CPU
		{2EA683AF-4E32-43C1-86D1-B52CF4F7B568}.Release|x64.ActiveCfg = Release|Any CPU
		{2EA683AF-4E32-43C1-86D1-B52CF4F7B568}.Release|x64.Build.0 = Release|Any CPU
		{2EA683AF-4E32-43C1-86D1-B52CF4F7B568}.Release|x86.ActiveCfg = Release|Any CPU
		{2EA683AF-4E32-43C1-86D1-B52CF4F7B568}.Release|x86.Build.0 = Release|Any CPU
		{9E8717CC-0C48-4B59-8B06-4B59A89CCBE7}.Debug|Any CPU.ActiveCfg = Debug|Any CPU
		{9E8717CC-0C48-4B59-8B06-4B59A89CCBE7}.Debug|Any CPU.Build.0 = Debug|Any CPU
		{9E8717CC-0C48-4B59-8B06-4B59A89CCBE7}.Debug|x64.ActiveCfg = Debug|Any CPU
		{9E8717CC-0C48-4B59-8B06-4B59A89CCBE7}.Debug|x64.Build.0 = Debug|Any CPU
		{9E8717CC-0C48-4B59-8B06-4B59A89CCBE7}.Debug|x86.ActiveCfg = Debug|Any CPU
		{9E8717CC-0C48-4B59-8B06-4B59A89CCBE7}.Debug|x86.Build.0 = Debug|Any CPU
		{9E8717CC-0C48-4B59-8B06-4B59A89CCBE7}.Release|Any CPU.ActiveCfg = Release|Any CPU
		{9E8717CC-0C48-4B59-8B06-4B59A89CCBE7}.Release|Any CPU.Build.0 = Release|Any CPU
		{9E8717CC-0C48-4B59-8B06-4B59A89CCBE7}.Release|x64.ActiveCfg = Release|Any CPU
		{9E8717CC-0C48-4B59-8B06-4B59A89CCBE7}.Release|x64.Build.0 = Release|Any CPU
		{9E8717CC-0C48-4B59-8B06-4B59A89CCBE7}.Release|x86.ActiveCfg = Release|Any CPU
		{9E8717CC-0C48-4B59-8B06-4B59A89CCBE7}.Release|x86.Build.0 = Release|Any CPU
	EndGlobalSection
	GlobalSection(SolutionProperties) = preSolution
		HideSolutionNode = FALSE
	EndGlobalSection
	GlobalSection(NestedProjects) = preSolution
		{7183F9FB-D2B4-4247-AE07-667DDEEE22D5} = {7E5E3D99-03B0-3438-6A3D-D9E8D97DA366}
		{7CD60EB8-AD85-40D6-BD6E-BBE0B7F29AB8} = {015FE221-96B2-289B-A0E8-6E7354784A75}
		{312B5721-9967-4F0F-8191-75BFA579F316} = {79A919E1-85D0-3F60-C123-2A6B8B16898A}
		{2EA683AF-4E32-43C1-86D1-B52CF4F7B568} = {A7DF126E-EBD0-450B-8C29-ACAE7F5E9961}
		{9E8717CC-0C48-4B59-8B06-4B59A89CCBE7} = {D82C56D6-B2CD-F611-9E31-04638F7EC30E}
	EndGlobalSection
EndGlobal
